
Microsoft Visual Studio Solution File, Format Version 12.00
# Visual Studio Version 16
VisualStudioVersion = 16.0.31410.357
MinimumVisualStudioVersion = 10.0.40219.1
Project("{9A19103F-16F7-4668-BE54-9A1E7A4F7556}") = "SystemRRHH", "SystemRRHH\SystemRRHH.csproj", "{7F782DC1-44B0-4F50-8747-4FE9AEB9072B}"
EndProject
Project("{2150E333-8FDC-42A3-9474-1A3956D46DE8}") = "Solution Items", "Solution Items", "{28DAA8A2-FE5D-4E9B-B2C2-607045B4943B}"
	ProjectSection(SolutionItems) = preProject
		.editorconfig = .editorconfig
	EndProjectSection
EndProject
Global
	GlobalSection(SolutionConfigurationPlatforms) = preSolution
		Debug|Any CPU = Debug|Any CPU
		Release|Any CPU = Release|Any CPU
	EndGlobalSection
	GlobalSection(ProjectConfigurationPlatforms) = postSolution
		{7F782DC1-44B0-4F50-8747-4FE9AEB9072B}.Debug|Any CPU.ActiveCfg = Debug|Any CPU
		{7F782DC1-44B0-4F50-8747-4FE9AEB9072B}.Debug|Any CPU.Build.0 = Debug|Any CPU
		{7F782DC1-44B0-4F50-8747-4FE9AEB9072B}.Release|Any CPU.ActiveCfg = Release|Any CPU
		{7F782DC1-44B0-4F50-8747-4FE9AEB9072B}.Release|Any CPU.Build.0 = Release|Any CPU
	EndGlobalSection
	GlobalSection(SolutionProperties) = preSolution
		HideSolutionNode = FALSE
	EndGlobalSection
	GlobalSection(ExtensibilityGlobals) = postSolution
		SolutionGuid = {721D7B32-392B-4A1D-8014-978D898BC9E7}
	EndGlobalSection
EndGlobal
